// !$*UTF8*$!
{
	archiveVersion = 1;
	classes = {
	};
	objectVersion = 50;
	objects = {

/* Begin PBXBuildFile section */
		65E77FD611789F306E22F3E0 /* libPods-assessment-test.a in Frameworks */ = {isa = PBXBuildFile; fileRef = 822CA662D5B810CABD01091D /* libPods-assessment-test.a */; };
		8CA037AB20F4F91400A81E55 /* AppDelegate.m in Sources */ = {isa = PBXBuildFile; fileRef = 8CA037AA20F4F91400A81E55 /* AppDelegate.m */; };
		8CA037AE20F4F91400A81E55 /* ViewController.m in Sources */ = {isa = PBXBuildFile; fileRef = 8CA037AD20F4F91400A81E55 /* ViewController.m */; };
		8CA037B120F4F91400A81E55 /* Main.storyboard in Resources */ = {isa = PBXBuildFile; fileRef = 8CA037AF20F4F91400A81E55 /* Main.storyboard */; };
		8CA037B320F4F91600A81E55 /* Assets.xcassets in Resources */ = {isa = PBXBuildFile; fileRef = 8CA037B220F4F91600A81E55 /* Assets.xcassets */; };
		8CA037B620F4F91600A81E55 /* LaunchScreen.storyboard in Resources */ = {isa = PBXBuildFile; fileRef = 8CA037B420F4F91600A81E55 /* LaunchScreen.storyboard */; };
		8CA037B920F4F91600A81E55 /* main.m in Sources */ = {isa = PBXBuildFile; fileRef = 8CA037B820F4F91600A81E55 /* main.m */; };
		8CA037C320F5013300A81E55 /* WeatherViewController.m in Sources */ = {isa = PBXBuildFile; fileRef = 8CA037C220F5013300A81E55 /* WeatherViewController.m */; };
		8CA037C620F5014700A81E55 /* HotelViewController.m in Sources */ = {isa = PBXBuildFile; fileRef = 8CA037C520F5014700A81E55 /* HotelViewController.m */; };
/* End PBXBuildFile section */

/* Begin PBXFileReference section */
		455C406B4A61A408140A8734 /* Pods-assessment-test.debug.xcconfig */ = {isa = PBXFileReference; includeInIndex = 1; lastKnownFileType = text.xcconfig; name = "Pods-assessment-test.debug.xcconfig"; path = "Pods/Target Support Files/Pods-assessment-test/Pods-assessment-test.debug.xcconfig"; sourceTree = "<group>"; };
		822CA662D5B810CABD01091D /* libPods-assessment-test.a */ = {isa = PBXFileReference; explicitFileType = archive.ar; includeInIndex = 0; path = "libPods-assessment-test.a"; sourceTree = BUILT_PRODUCTS_DIR; };
		8CA037A620F4F91400A81E55 /* assessment-test.app */ = {isa = PBXFileReference; explicitFileType = wrapper.application; includeInIndex = 0; path = "assessment-test.app"; sourceTree = BUILT_PRODUCTS_DIR; };
		8CA037A920F4F91400A81E55 /* AppDelegate.h */ = {isa = PBXFileReference; lastKnownFileType = sourcecode.c.h; path = AppDelegate.h; sourceTree = "<group>"; };
		8CA037AA20F4F91400A81E55 /* AppDelegate.m */ = {isa = PBXFileReference; lastKnownFileType = sourcecode.c.objc; path = AppDelegate.m; sourceTree = "<group>"; };
		8CA037AC20F4F91400A81E55 /* ViewController.h */ = {isa = PBXFileReference; lastKnownFileType = sourcecode.c.h; path = ViewController.h; sourceTree = "<group>"; };
		8CA037AD20F4F91400A81E55 /* ViewController.m */ = {isa = PBXFileReference; lastKnownFileType = sourcecode.c.objc; path = ViewController.m; sourceTree = "<group>"; };
		8CA037B020F4F91400A81E55 /* Base */ = {isa = PBXFileReference; lastKnownFileType = file.storyboard; name = Base; path = Base.lproj/Main.storyboard; sourceTree = "<group>"; };
		8CA037B220F4F91600A81E55 /* Assets.xcassets */ = {isa = PBXFileReference; lastKnownFileType = folder.assetcatalog; path = Assets.xcassets; sourceTree = "<group>"; };
		8CA037B520F4F91600A81E55 /* Base */ = {isa = PBXFileReference; lastKnownFileType = file.storyboard; name = Base; path = Base.lproj/LaunchScreen.storyboard; sourceTree = "<group>"; };
		8CA037B720F4F91600A81E55 /* Info.plist */ = {isa = PBXFileReference; lastKnownFileType = text.plist.xml; path = Info.plist; sourceTree = "<group>"; };
		8CA037B820F4F91600A81E55 /* main.m */ = {isa = PBXFileReference; lastKnownFileType = sourcecode.c.objc; path = main.m; sourceTree = "<group>"; };
		8CA037C120F5013300A81E55 /* WeatherViewController.h */ = {isa = PBXFileReference; lastKnownFileType = sourcecode.c.h; path = WeatherViewController.h; sourceTree = "<group>"; };
		8CA037C220F5013300A81E55 /* WeatherViewController.m */ = {isa = PBXFileReference; lastKnownFileType = sourcecode.c.objc; path = WeatherViewController.m; sourceTree = "<group>"; };
		8CA037C420F5014700A81E55 /* HotelViewController.h */ = {isa = PBXFileReference; lastKnownFileType = sourcecode.c.h; path = HotelViewController.h; sourceTree = "<group>"; };
		8CA037C520F5014700A81E55 /* HotelViewController.m */ = {isa = PBXFileReference; lastKnownFileType = sourcecode.c.objc; path = HotelViewController.m; sourceTree = "<group>"; };
		BC78FE21D7DDEAC454409300 /* Pods-assessment-test.release.xcconfig */ = {isa = PBXFileReference; includeInIndex = 1; lastKnownFileType = text.xcconfig; name = "Pods-assessment-test.release.xcconfig"; path = "Pods/Target Support Files/Pods-assessment-test/Pods-assessment-test.release.xcconfig"; sourceTree = "<group>"; };
/* End PBXFileReference section */

/* Begin PBXFrameworksBuildPhase section */
		8CA037A320F4F91400A81E55 /* Frameworks */ = {
			isa = PBXFrameworksBuildPhase;
			buildActionMask = 2147483647;
			files = (
				65E77FD611789F306E22F3E0 /* libPods-assessment-test.a in Frameworks */,
			);
			runOnlyForDeploymentPostprocessing = 0;
		};
/* End PBXFrameworksBuildPhase section */

/* Begin PBXGroup section */
		1C3ADDFA096D4B3231501F63 /* Frameworks */ = {
			isa = PBXGroup;
			children = (
				822CA662D5B810CABD01091D /* libPods-assessment-test.a */,
			);
			name = Frameworks;
			sourceTree = "<group>";
		};
		3190F344786B3648B9E0CD50 /* Pods */ = {
			isa = PBXGroup;
			children = (
				455C406B4A61A408140A8734 /* Pods-assessment-test.debug.xcconfig */,
				BC78FE21D7DDEAC454409300 /* Pods-assessment-test.release.xcconfig */,
			);
			name = Pods;
			sourceTree = "<group>";
		};
		8CA0379D20F4F91400A81E55 = {
			isa = PBXGroup;
			children = (
				8CA037A820F4F91400A81E55 /* assessment-test */,
				8CA037A720F4F91400A81E55 /* Products */,
				3190F344786B3648B9E0CD50 /* Pods */,
				1C3ADDFA096D4B3231501F63 /* Frameworks */,
			);
			sourceTree = "<group>";
		};
		8CA037A720F4F91400A81E55 /* Products */ = {
			isa = PBXGroup;
			children = (
				8CA037A620F4F91400A81E55 /* assessment-test.app */,
			);
			name = Products;
			sourceTree = "<group>";
		};
		8CA037A820F4F91400A81E55 /* assessment-test */ = {
			isa = PBXGroup;
			children = (
				8CA037C020F500F800A81E55 /* WeatherComponent */,
				8CA037BF20F500E400A81E55 /* HotelComponent */,
				8CA037A920F4F91400A81E55 /* AppDelegate.h */,
				8CA037AA20F4F91400A81E55 /* AppDelegate.m */,
				8CA037AC20F4F91400A81E55 /* ViewController.h */,
				8CA037AD20F4F91400A81E55 /* ViewController.m */,
				8CA037AF20F4F91400A81E55 /* Main.storyboard */,
				8CA037B220F4F91600A81E55 /* Assets.xcassets */,
				8CA037B420F4F91600A81E55 /* LaunchScreen.storyboard */,
				8CA037B720F4F91600A81E55 /* Info.plist */,
				8CA037B820F4F91600A81E55 /* main.m */,
			);
			path = "assessment-test";
			sourceTree = "<group>";
		};
		8CA037BF20F500E400A81E55 /* HotelComponent */ = {
			isa = PBXGroup;
			children = (
				8CA037C420F5014700A81E55 /* HotelViewController.h */,
				8CA037C520F5014700A81E55 /* HotelViewController.m */,
			);
			path = HotelComponent;
			sourceTree = "<group>";
		};
		8CA037C020F500F800A81E55 /* WeatherComponent */ = {
			isa = PBXGroup;
			children = (
				8CA037C120F5013300A81E55 /* WeatherViewController.h */,
				8CA037C220F5013300A81E55 /* WeatherViewController.m */,
			);
			path = WeatherComponent;
			sourceTree = "<group>";
		};
/* End PBXGroup section */

/* Begin PBXNativeTarget section */
		8CA037A520F4F91400A81E55 /* assessment-test */ = {
			isa = PBXNativeTarget;
			buildConfigurationList = 8CA037BC20F4F91600A81E55 /* Build configuration list for PBXNativeTarget "assessment-test" */;
			buildPhases = (
				1073605BCC6FF65A48831605 /* [CP] Check Pods Manifest.lock */,
				8CA037A220F4F91400A81E55 /* Sources */,
				8CA037A320F4F91400A81E55 /* Frameworks */,
				8CA037A420F4F91400A81E55 /* Resources */,
			);
			buildRules = (
			);
			dependencies = (
			);
			name = "assessment-test";
			productName = "assessment-test";
			productReference = 8CA037A620F4F91400A81E55 /* assessment-test.app */;
			productType = "com.apple.product-type.application";
		};
/* End PBXNativeTarget section */

/* Begin PBXProject section */
		8CA0379E20F4F91400A81E55 /* Project object */ = {
			isa = PBXProject;
			attributes = {
				LastUpgradeCheck = 0930;
				ORGANIZATIONNAME = Guest;
				TargetAttributes = {
					8CA037A520F4F91400A81E55 = {
						CreatedOnToolsVersion = 9.3.1;
					};
				};
			};
			buildConfigurationList = 8CA037A120F4F91400A81E55 /* Build configuration list for PBXProject "assessment-test" */;
			compatibilityVersion = "Xcode 9.3";
			developmentRegion = en;
			hasScannedForEncodings = 0;
			knownRegions = (
				en,
				Base,
			);
			mainGroup = 8CA0379D20F4F91400A81E55;
			productRefGroup = 8CA037A720F4F91400A81E55 /* Products */;
			projectDirPath = "";
			projectRoot = "";
			targets = (
				8CA037A520F4F91400A81E55 /* assessment-test */,
			);
		};
/* End PBXProject section */

/* Begin PBXResourcesBuildPhase section */
		8CA037A420F4F91400A81E55 /* Resources */ = {
			isa = PBXResourcesBuildPhase;
			buildActionMask = 2147483647;
			files = (
				8CA037B620F4F91600A81E55 /* LaunchScreen.storyboard in Resources */,
				8CA037B320F4F91600A81E55 /* Assets.xcassets in Resources */,
				8CA037B120F4F91400A81E55 /* Main.storyboard in Resources */,
			);
			runOnlyForDeploymentPostprocessing = 0;
		};
/* End PBXResourcesBuildPhase section */

/* Begin PBXShellScriptBuildPhase section */
		1073605BCC6FF65A48831605 /* [CP] Check Pods Manifest.lock */ = {
			isa = PBXShellScriptBuildPhase;
			buildActionMask = 2147483647;
			files = (
			);
			inputPaths = (
				"${PODS_PODFILE_DIR_PATH}/Podfile.lock",
				"${PODS_ROOT}/Manifest.lock",
			);
			name = "[CP] Check Pods Manifest.lock";
			outputPaths = (
				"$(DERIVED_FILE_DIR)/Pods-assessment-test-checkManifestLockResult.txt",
			);
			runOnlyForDeploymentPostprocessing = 0;
			shellPath = /bin/sh;
			shellScript = "diff \"${PODS_PODFILE_DIR_PATH}/Podfile.lock\" \"${PODS_ROOT}/Manifest.lock\" > /dev/null\nif [ $? != 0 ] ; then\n    # print error to STDERR\n    echo \"error: The sandbox is not in sync with the Podfile.lock. Run 'pod install' or update your CocoaPods installation.\" >&2\n    exit 1\nfi\n# This output is used by Xcode 'outputs' to avoid re-running this script phase.\necho \"SUCCESS\" > \"${SCRIPT_OUTPUT_FILE_0}\"\n";
			showEnvVarsInLog = 0;
		};
/* End PBXShellScriptBuildPhase section */

/* Begin PBXSourcesBuildPhase section */
		8CA037A220F4F91400A81E55 /* Sources */ = {
			isa = PBXSourcesBuildPhase;
			buildActionMask = 2147483647;
			files = (
				8CA037AE20F4F91400A81E55 /* ViewController.m in Sources */,
				8CA037C320F5013300A81E55 /* WeatherViewController.m in Sources */,
				8CA037C620F5014700A81E55 /* HotelViewController.m in Sources */,
				8CA037B920F4F91600A81E55 /* main.m in Sources */,
				8CA037AB20F4F91400A81E55 /* AppDelegate.m in Sources */,
			);
			runOnlyForDeploymentPostprocessing = 0;
		};
/* End PBXSourcesBuildPhase section */

/* Begin PBXVariantGroup section */
		8CA037AF20F4F91400A81E55 /* Main.storyboard */ = {
			isa = PBXVariantGroup;
			children = (
				8CA037B020F4F91400A81E55 /* Base */,
			);
			name = Main.storyboard;
			sourceTree = "<group>";
		};
		8CA037B420F4F91600A81E55 /* LaunchScreen.storyboard */ = {
			isa = PBXVariantGroup;
			children = (
				8CA037B520F4F91600A81E55 /* Base */,
			);
			name = LaunchScreen.storyboard;
			sourceTree = "<group>";
		};
/* End PBXVariantGroup section */

/* Begin XCBuildConfiguration section */
		8CA037BA20F4F91600A81E55 /* Debug */ = {
			isa = XCBuildConfiguration;
			buildSettings = {
				ALWAYS_SEARCH_USER_PATHS = NO;
				CLANG_ANALYZER_NONNULL = YES;
				CLANG_ANALYZER_NUMBER_OBJECT_CONVERSION = YES_AGGRESSIVE;
				CLANG_CXX_LANGUAGE_STANDARD = "gnu++14";
				CLANG_CXX_LIBRARY = "libc++";
				CLANG_ENABLE_MODULES = YES;
				CLANG_ENABLE_OBJC_ARC = YES;
				CLANG_ENABLE_OBJC_WEAK = YES;
				CLANG_WARN_BLOCK_CAPTURE_AUTORELEASING = YES;
				CLANG_WARN_BOOL_CONVERSION = YES;
				CLANG_WARN_COMMA = YES;
				CLANG_WARN_CONSTANT_CONVERSION = YES;
				CLANG_WARN_DEPRECATED_OBJC_IMPLEMENTATIONS = YES;
				CLANG_WARN_DIRECT_OBJC_ISA_USAGE = YES_ERROR;
				CLANG_WARN_DOCUMENTATION_COMMENTS = YES;
				CLANG_WARN_EMPTY_BODY = YES;
				CLANG_WARN_ENUM_CONVERSION = YES;
				CLANG_WARN_INFINITE_RECURSION = YES;
				CLANG_WARN_INT_CONVERSION = YES;
				CLANG_WARN_NON_LITERAL_NULL_CONVERSION = YES;
				CLANG_WARN_OBJC_IMPLICIT_RETAIN_SELF = YES;
				CLANG_WARN_OBJC_LITERAL_CONVERSION = YES;
				CLANG_WARN_OBJC_ROOT_CLASS = YES_ERROR;
				CLANG_WARN_RANGE_LOOP_ANALYSIS = YES;
				CLANG_WARN_STRICT_PROTOTYPES = YES;
				CLANG_WARN_SUSPICIOUS_MOVE = YES;
				CLANG_WARN_UNGUARDED_AVAILABILITY = YES_AGGRESSIVE;
				CLANG_WARN_UNREACHABLE_CODE = YES;
				CLANG_WARN__DUPLICATE_METHOD_MATCH = YES;
				CODE_SIGN_IDENTITY = "iPhone Developer";
				COPY_PHASE_STRIP = NO;
				DEBUG_INFORMATION_FORMAT = dwarf;
				ENABLE_STRICT_OBJC_MSGSEND = YES;
				ENABLE_TESTABILITY = YES;
				GCC_C_LANGUAGE_STANDARD = gnu11;
				GCC_DYNAMIC_NO_PIC = NO;
				GCC_NO_COMMON_BLOCKS = YES;
				GCC_OPTIMIZATION_LEVEL = 0;
				GCC_PREPROCESSOR_DEFINITIONS = (
					"DEBUG=1",
					"$(inherited)",
				);
				GCC_WARN_64_TO_32_BIT_CONVERSION = YES;
				GCC_WARN_ABOUT_RETURN_TYPE = YES_ERROR;
				GCC_WARN_UNDECLARED_SELECTOR = YES;
				GCC_WARN_UNINITIALIZED_AUTOS = YES_AGGRESSIVE;
				GCC_WARN_UNUSED_FUNCTION = YES;
				GCC_WARN_UNUSED_VARIABLE = YES;
				IPHONEOS_DEPLOYMENT_TARGET = 11.3;
				MTL_ENABLE_DEBUG_INFO = YES;
				ONLY_ACTIVE_ARCH = YES;
				SDKROOT = iphoneos;
			};
			name = Debug;
		};
		8CA037BB20F4F91600A81E55 /* Release */ = {
			isa = XCBuildConfiguration;
			buildSettings = {
				ALWAYS_SEARCH_USER_PATHS = NO;
				CLANG_ANALYZER_NONNULL = YES;
				CLANG_ANALYZER_NUMBER_OBJECT_CONVERSION = YES_AGGRESSIVE;
				CLANG_CXX_LANGUAGE_STANDARD = "gnu++14";
				CLANG_CXX_LIBRARY = "libc++";
				CLANG_ENABLE_MODULES = YES;
				CLANG_ENABLE_OBJC_ARC = YES;
				CLANG_ENABLE_OBJC_WEAK = YES;
				CLANG_WARN_BLOCK_CAPTURE_AUTORELEASING = YES;
				CLANG_WARN_BOOL_CONVERSION = YES;
				CLANG_WARN_COMMA = YES;
				CLANG_WARN_CONSTANT_CONVERSION = YES;
				CLANG_WARN_DEPRECATED_OBJC_IMPLEMENTATIONS = YES;
				CLANG_WARN_DIRECT_OBJC_ISA_USAGE = YES_ERROR;
				CLANG_WARN_DOCUMENTATION_COMMENTS = YES;
				CLANG_WARN_EMPTY_BODY = YES;
				CLANG_WARN_ENUM_CONVERSION = YES;
				CLANG_WARN_INFINITE_RECURSION = YES;
				CLANG_WARN_INT_CONVERSION = YES;
				CLANG_WARN_NON_LITERAL_NULL_CONVERSION = YES;
				CLANG_WARN_OBJC_IMPLICIT_RETAIN_SELF = YES;
				CLANG_WARN_OBJC_LITERAL_CONVERSION = YES;
				CLANG_WARN_OBJC_ROOT_CLASS = YES_ERROR;
				CLANG_WARN_RANGE_LOOP_ANALYSIS = YES;
				CLANG_WARN_STRICT_PROTOTYPES = YES;
				CLANG_WARN_SUSPICIOUS_MOVE = YES;
				CLANG_WARN_UNGUARDED_AVAILABILITY = YES_AGGRESSIVE;
				CLANG_WARN_UNREACHABLE_CODE = YES;
				CLANG_WARN__DUPLICATE_METHOD_MATCH = YES;
				CODE_SIGN_IDENTITY = "iPhone Developer";
				COPY_PHASE_STRIP = NO;
				DEBUG_INFORMATION_FORMAT = "dwarf-with-dsym";
				ENABLE_NS_ASSERTIONS = NO;
				ENABLE_STRICT_OBJC_MSGSEND = YES;
				GCC_C_LANGUAGE_STANDARD = gnu11;
				GCC_NO_COMMON_BLOCKS = YES;
				GCC_WARN_64_TO_32_BIT_CONVERSION = YES;
				GCC_WARN_ABOUT_RETURN_TYPE = YES_ERROR;
				GCC_WARN_UNDECLARED_SELECTOR = YES;
				GCC_WARN_UNINITIALIZED_AUTOS = YES_AGGRESSIVE;
				GCC_WARN_UNUSED_FUNCTION = YES;
				GCC_WARN_UNUSED_VARIABLE = YES;
				IPHONEOS_DEPLOYMENT_TARGET = 11.3;
				MTL_ENABLE_DEBUG_INFO = NO;
				SDKROOT = iphoneos;
				VALIDATE_PRODUCT = YES;
			};
			name = Release;
		};
		8CA037BD20F4F91600A81E55 /* Debug */ = {
			isa = XCBuildConfiguration;
			baseConfigurationReference = 455C406B4A61A408140A8734 /* Pods-assessment-test.debug.xcconfig */;
			buildSettings = {
				ASSETCATALOG_COMPILER_APPICON_NAME = AppIcon;
				CODE_SIGN_STYLE = Automatic;
				INFOPLIST_FILE = "assessment-test/Info.plist";
				LD_RUNPATH_SEARCH_PATHS = (
					"$(inherited)",
					"@executable_path/Frameworks",
				);
				PRODUCT_BUNDLE_IDENTIFIER = "com.testapp.assessment-test";
				PRODUCT_NAME = "$(TARGET_NAME)";
				TARGETED_DEVICE_FAMILY = "1,2";
			};
			name = Debug;
		};
		8CA037BE20F4F91600A81E55 /* Release */ = {
			isa = XCBuildConfiguration;
			baseConfigurationReference = BC78FE21D7DDEAC454409300 /* Pods-assessment-test.release.xcconfig */;
			buildSettings = {
				ASSETCATALOG_COMPILER_APPICON_NAME = AppIcon;
				CODE_SIGN_STYLE = Automatic;
				INFOPLIST_FILE = "assessment-test/Info.plist";
				LD_RUNPATH_SEARCH_PATHS = (
					"$(inherited)",
					"@executable_path/Frameworks",
				);
				PRODUCT_BUNDLE_IDENTIFIER = "com.testapp.assessment-test";
				PRODUCT_NAME = "$(TARGET_NAME)";
				TARGETED_DEVICE_FAMILY = "1,2";
			};
			name = Release;
		};
/* End XCBuildConfiguration section */

/* Begin XCConfigurationList section */
		8CA037A120F4F91400A81E55 /* Build configuration list for PBXProject "assessment-test" */ = {
			isa = XCConfigurationList;
			buildConfigurations = (
				8CA037BA20F4F91600A81E55 /* Debug */,
				8CA037BB20F4F91600A81E55 /* Release */,
			);
			defaultConfigurationIsVisible = 0;
			defaultConfigurationName = Release;
		};
		8CA037BC20F4F91600A81E55 /* Build configuration list for PBXNativeTarget "assessment-test" */ = {
			isa = XCConfigurationList;
			buildConfigurations = (
				8CA037BD20F4F91600A81E55 /* Debug */,
				8CA037BE20F4F91600A81E55 /* Release */,
			);
			defaultConfigurationIsVisible = 0;
			defaultConfigurationName = Release;
		};
/* End XCConfigurationList section */
	};
	rootObject = 8CA0379E20F4F91400A81E55 /* Project object */;
}
